
Microsoft Visual Studio Solution File, Format Version 12.00
# Visual Studio Version 16
VisualStudioVersion = 16.0.29001.49
MinimumVisualStudioVersion = 10.0.40219.1
Project("{FAE04EC0-301F-11D3-BF4B-00C04F79EFBC}") = "MovieStore", "MovieStore.csproj", "{D0C3B0BA-D236-4EFE-8AC9-9D8D690F96B2}"
EndProject
Global
	GlobalSection(SolutionConfigurationPlatforms) = preSolution
		Debug|Any CPU = Debug|Any CPU
		Release|Any CPU = Release|Any CPU
	EndGlobalSection
	GlobalSection(ProjectConfigurationPlatforms) = postSolution
		{D0C3B0BA-D236-4EFE-8AC9-9D8D690F96B2}.Debug|Any CPU.ActiveCfg = Debug|Any CPU
		{D0C3B0BA-D236-4EFE-8AC9-9D8D690F96B2}.Debug|Any CPU.Build.0 = Debug|Any CPU
		{D0C3B0BA-D236-4EFE-8AC9-9D8D690F96B2}.Release|Any CPU.ActiveCfg = Release|Any CPU
		{D0C3B0BA-D236-4EFE-8AC9-9D8D690F96B2}.Release|Any CPU.Build.0 = Release|Any CPU
	EndGlobalSection
	GlobalSection(SolutionProperties) = preSolution
		HideSolutionNode = FALSE
	EndGlobalSection
	GlobalSection(ExtensibilityGlobals) = postSolution
		SolutionGuid = {2261202B-3074-4F87-B0D3-CAB7E19D6886}
	EndGlobalSection
EndGlobal
